// !$*UTF8*$!
{
	archiveVersion = 1;
	classes = {
	};
	objectVersion = 56;
	objects = {

/* Begin PBXBuildFile section */
		88DEB1B0300FF4B500CA9B57 /* AIInterviewAssistantApp.swift in Sources */ = {isa = PBXBuildFile; fileRef = 88DEB1AF300FF4B500CA9B57 /* AIInterviewAssistantApp.swift */; };
		88DEB1B2300FF4B500CA9B57 /* ContentView.swift in Sources */ = {isa = PBXBuildFile; fileRef = 88DEB1B1300FF4B500CA9B57 /* ContentView.swift */; };
		88DEB1B4300FF4B800CA9B57 /* Assets.xcassets in Resources */ = {isa = PBXBuildFile; fileRef = 88DEB1B3300FF4B800CA9B57 /* Assets.xcassets */; };
		88DEB1B7300FF4B800CA9B57 /* Preview Assets.xcassets in Resources */ = {isa = PBXBuildFile; fileRef = 88DEB1B6300FF4B800CA9B57 /* Preview Assets.xcassets */; };
		88DEB1C1300FF4B900CA9B57 /* AIInterviewAssistantTests.swift in Sources */ = {isa = PBXBuildFile; fileRef = 88DEB1C0300FF4B900CA9B57 /* AIInterviewAssistantTests.swift */; };
		88DEB1CB300FF4B900CA9B57 /* AIInterviewAssistantUITests.swift in Sources */ = {isa = PBXBuildFile; fileRef = 88DEB1CA300FF4B900CA9B57 /* AIInterviewAssistantUITests.swift */; };
		88DEB1CD300FF4B900CA9B57 /* AIInterviewAssistantUITestsLaunchTests.swift in Sources */ = {isa = PBXBuildFile; fileRef = 88DEB1CC300FF4B900CA9B57 /* AIInterviewAssistantUITestsLaunchTests.swift */; };
		88DEB1E0300FFF4800CA9B57 /* AIService .swift in Sources */ = {isa = PBXBuildFile; fileRef = 88DEB1DF300FFF4800CA9B57 /* AIService .swift */; };
		88DEB1E2300FFF5B00CA9B57 /* OpenAIService.swift in Sources */ = {isa = PBXBuildFile; fileRef = 88DEB1E1300FFF5B00CA9B57 /* OpenAIService.swift */; };
		88DEB1E4300FFF6D00CA9B57 /* APIClient.swift in Sources */ = {isa = PBXBuildFile; fileRef = 88DEB1E3300FFF6C00CA9B57 /* APIClient.swift */; };
		88DEB1E6300FFF7900CA9B57 /* EndPoint.swift in Sources */ = {isa = PBXBuildFile; fileRef = 88DEB1E5300FFF7900CA9B57 /* EndPoint.swift */; };
		88DEB1E83010001F00CA9B57 /* ChatView.swift in Sources */ = {isa = PBXBuildFile; fileRef = 88DEB1E73010001F00CA9B57 /* ChatView.swift */; };
		88DEB1EA3010002D00CA9B57 /* MessageBubble.swift in Sources */ = {isa = PBXBuildFile; fileRef = 88DEB1E93010002D00CA9B57 /* MessageBubble.swift */; };
		88DEB1EC3010003B00CA9B57 /* InputBar.swift in Sources */ = {isa = PBXBuildFile; fileRef = 88DEB1EB3010003B00CA9B57 /* InputBar.swift */; };
		88DEB1EE3010004C00CA9B57 /* ChatViewModel.swift in Sources */ = {isa = PBXBuildFile; fileRef = 88DEB1ED3010004C00CA9B57 /* ChatViewModel.swift */; };
		88DEB1F03010005F00CA9B57 /* ChatRequest.swift in Sources */ = {isa = PBXBuildFile; fileRef = 88DEB1EF3010005F00CA9B57 /* ChatRequest.swift */; };
		88DEB1F23010006800CA9B57 /* ChatResponse.swift in Sources */ = {isa = PBXBuildFile; fileRef = 88DEB1F13010006800CA9B57 /* ChatResponse.swift */; };
		88DEB1F43010007300CA9B57 /* Message.swift in Sources */ = {isa = PBXBuildFile; fileRef = 88DEB1F33010007300CA9B57 /* Message.swift */; };
/* End PBXBuildFile section */

/* Begin PBXContainerItemProxy section */
		88DEB1BD300FF4B900CA9B57 /* PBXContainerItemProxy */ = {
			isa = PBXContainerItemProxy;
			containerPortal = 88DEB1A4300FF4B500CA9B57 /* Project object */;
			proxyType = 1;
			remoteGlobalIDString = 88DEB1AB300FF4B500CA9B57;
			remoteInfo = AIInterviewAssistant;
		};
		88DEB1C7300FF4B900CA9B57 /* PBXContainerItemProxy */ = {
			isa = PBXContainerItemProxy;
			containerPortal = 88DEB1A4300FF4B500CA9B57 /* Project object */;
			proxyType = 1;
			remoteGlobalIDString = 88DEB1AB300FF4B500CA9B57;
			remoteInfo = AIInterviewAssistant;
		};
/* End PBXContainerItemProxy section */

/* Begin PBXFileReference section */
		88DEB1AC300FF4B500CA9B57 /* AIInterviewAssistant.app */ = {isa = PBXFileReference; explicitFileType = wrapper.application; includeInIndex = 0; path = AIInterviewAssistant.app; sourceTree = BUILT_PRODUCTS_DIR; };
		88DEB1AF300FF4B500CA9B57 /* AIInterviewAssistantApp.swift */ = {isa = PBXFileReference; lastKnownFileType = sourcecode.swift; path = AIInterviewAssistantApp.swift; sourceTree = "<group>"; };
		88DEB1B1300FF4B500CA9B57 /* ContentView.swift */ = {isa = PBXFileReference; lastKnownFileType = sourcecode.swift; path = ContentView.swift; sourceTree = "<group>"; };
		88DEB1B3300FF4B800CA9B57 /* Assets.xcassets */ = {isa = PBXFileReference; lastKnownFileType = folder.assetcatalog; path = Assets.xcassets; sourceTree = "<group>"; };
		88DEB1B6300FF4B800CA9B57 /* Preview Assets.xcassets */ = {isa = PBXFileReference; lastKnownFileType = folder.assetcatalog; path = "Preview Assets.xcassets"; sourceTree = "<group>"; };
		88DEB1BC300FF4B900CA9B57 /* AIInterviewAssistantTests.xctest */ = {isa = PBXFileReference; explicitFileType = wrapper.cfbundle; includeInIndex = 0; path = AIInterviewAssistantTests.xctest; sourceTree = BUILT_PRODUCTS_DIR; };
		88DEB1C0300FF4B900CA9B57 /* AIInterviewAssistantTests.swift */ = {isa = PBXFileReference; lastKnownFileType = sourcecode.swift; path = AIInterviewAssistantTests.swift; sourceTree = "<group>"; };
		88DEB1C6300FF4B900CA9B57 /* AIInterviewAssistantUITests.xctest */ = {isa = PBXFileReference; explicitFileType = wrapper.cfbundle; includeInIndex = 0; path = AIInterviewAssistantUITests.xctest; sourceTree = BUILT_PRODUCTS_DIR; };
		88DEB1CA300FF4B900CA9B57 /* AIInterviewAssistantUITests.swift */ = {isa = PBXFileReference; lastKnownFileType = sourcecode.swift; path = AIInterviewAssistantUITests.swift; sourceTree = "<group>"; };
		88DEB1CC300FF4B900CA9B57 /* AIInterviewAssistantUITestsLaunchTests.swift */ = {isa = PBXFileReference; lastKnownFileType = sourcecode.swift; path = AIInterviewAssistantUITestsLaunchTests.swift; sourceTree = "<group>"; };
		88DEB1DF300FFF4800CA9B57 /* AIService .swift */ = {isa = PBXFileReference; lastKnownFileType = sourcecode.swift; path = "AIService .swift"; sourceTree = "<group>"; };
		88DEB1E1300FFF5B00CA9B57 /* OpenAIService.swift */ = {isa = PBXFileReference; lastKnownFileType = sourcecode.swift; path = OpenAIService.swift; sourceTree = "<group>"; };
		88DEB1E3300FFF6C00CA9B57 /* APIClient.swift */ = {isa = PBXFileReference; lastKnownFileType = sourcecode.swift; path = APIClient.swift; sourceTree = "<group>"; };
		88DEB1E5300FFF7900CA9B57 /* EndPoint.swift */ = {isa = PBXFileReference; lastKnownFileType = sourcecode.swift; path = EndPoint.swift; sourceTree = "<group>"; };
		88DEB1E73010001F00CA9B57 /* ChatView.swift */ = {isa = PBXFileReference; lastKnownFileType = sourcecode.swift; path = ChatView.swift; sourceTree = "<group>"; };
		88DEB1E93010002D00CA9B57 /* MessageBubble.swift */ = {isa = PBXFileReference; lastKnownFileType = sourcecode.swift; path = MessageBubble.swift; sourceTree = "<group>"; };
		88DEB1EB3010003B00CA9B57 /* InputBar.swift */ = {isa = PBXFileReference; lastKnownFileType = sourcecode.swift; path = InputBar.swift; sourceTree = "<group>"; };
		88DEB1ED3010004C00CA9B57 /* ChatViewModel.swift */ = {isa = PBXFileReference; lastKnownFileType = sourcecode.swift; path = ChatViewModel.swift; sourceTree = "<group>"; };
		88DEB1EF3010005F00CA9B57 /* ChatRequest.swift */ = {isa = PBXFileReference; lastKnownFileType = sourcecode.swift; path = ChatRequest.swift; sourceTree = "<group>"; };
		88DEB1F13010006800CA9B57 /* ChatResponse.swift */ = {isa = PBXFileReference; lastKnownFileType = sourcecode.swift; path = ChatResponse.swift; sourceTree = "<group>"; };
		88DEB1F33010007300CA9B57 /* Message.swift */ = {isa = PBXFileReference; lastKnownFileType = sourcecode.swift; path = Message.swift; sourceTree = "<group>"; };
/* End PBXFileReference section */

/* Begin PBXFrameworksBuildPhase section */
		88DEB1A9300FF4B500CA9B57 /* Frameworks */ = {
			isa = PBXFrameworksBuildPhase;
			buildActionMask = 2147483647;
			files = (
			);
			runOnlyForDeploymentPostprocessing = 0;
		};
		88DEB1B9300FF4B900CA9B57 /* Frameworks */ = {
			isa = PBXFrameworksBuildPhase;
			buildActionMask = 2147483647;
			files = (
			);
			runOnlyForDeploymentPostprocessing = 0;
		};
		88DEB1C3300FF4B900CA9B57 /* Frameworks */ = {
			isa = PBXFrameworksBuildPhase;
			buildActionMask = 2147483647;
			files = (
			);
			runOnlyForDeploymentPostprocessing = 0;
		};
/* End PBXFrameworksBuildPhase section */

/* Begin PBXGroup section */
		88DEB1A3300FF4B500CA9B57 = {
			isa = PBXGroup;
			children = (
				88DEB1AE300FF4B500CA9B57 /* AIInterviewAssistant */,
				88DEB1BF300FF4B900CA9B57 /* AIInterviewAssistantTests */,
				88DEB1C9300FF4B900CA9B57 /* AIInterviewAssistantUITests */,
				88DEB1AD300FF4B500CA9B57 /* Products */,
			);
			sourceTree = "<group>";
		};
		88DEB1AD300FF4B500CA9B57 /* Products */ = {
			isa = PBXGroup;
			children = (
				88DEB1AC300FF4B500CA9B57 /* AIInterviewAssistant.app */,
				88DEB1BC300FF4B900CA9B57 /* AIInterviewAssistantTests.xctest */,
				88DEB1C6300FF4B900CA9B57 /* AIInterviewAssistantUITests.xctest */,
			);
			name = Products;
			sourceTree = "<group>";
		};
		88DEB1AE300FF4B500CA9B57 /* AIInterviewAssistant */ = {
			isa = PBXGroup;
			children = (
				88DEB1DE300FF98700CA9B57 /* Utilities */,
				88DEB1DD300FF97C00CA9B57 /* Networking */,
				88DEB1DC300FF97000CA9B57 /* Services */,
				88DEB1DB300FF96900CA9B57 /* ViewModel */,
				88DEB1DA300FF95D00CA9B57 /* Views */,
				88DEB1D9300FF4E900CA9B57 /* Models */,
				88DEB1AF300FF4B500CA9B57 /* AIInterviewAssistantApp.swift */,
				88DEB1B1300FF4B500CA9B57 /* ContentView.swift */,
				88DEB1B3300FF4B800CA9B57 /* Assets.xcassets */,
				88DEB1B5300FF4B800CA9B57 /* Preview Content */,
			);
			path = AIInterviewAssistant;
			sourceTree = "<group>";
		};
		88DEB1B5300FF4B800CA9B57 /* Preview Content */ = {
			isa = PBXGroup;
			children = (
				88DEB1B6300FF4B800CA9B57 /* Preview Assets.xcassets */,
			);
			path = "Preview Content";
			sourceTree = "<group>";
		};
		88DEB1BF300FF4B900CA9B57 /* AIInterviewAssistantTests */ = {
			isa = PBXGroup;
			children = (
				88DEB1C0300FF4B900CA9B57 /* AIInterviewAssistantTests.swift */,
			);
			path = AIInterviewAssistantTests;
			sourceTree = "<group>";
		};
		88DEB1C9300FF4B900CA9B57 /* AIInterviewAssistantUITests */ = {
			isa = PBXGroup;
			children = (
				88DEB1CA300FF4B900CA9B57 /* AIInterviewAssistantUITests.swift */,
				88DEB1CC300FF4B900CA9B57 /* AIInterviewAssistantUITestsLaunchTests.swift */,
			);
			path = AIInterviewAssistantUITests;
			sourceTree = "<group>";
		};
		88DEB1D9300FF4E900CA9B57 /* Models */ = {
			isa = PBXGroup;
			children = (
				88DEB1EF3010005F00CA9B57 /* ChatRequest.swift */,
				88DEB1F13010006800CA9B57 /* ChatResponse.swift */,
				88DEB1F33010007300CA9B57 /* Message.swift */,
			);
			path = Models;
			sourceTree = "<group>";
		};
		88DEB1DA300FF95D00CA9B57 /* Views */ = {
			isa = PBXGroup;
			children = (
				88DEB1E73010001F00CA9B57 /* ChatView.swift */,
				88DEB1E93010002D00CA9B57 /* MessageBubble.swift */,
				88DEB1EB3010003B00CA9B57 /* InputBar.swift */,
			);
			path = Views;
			sourceTree = "<group>";
		};
		88DEB1DB300FF96900CA9B57 /* ViewModel */ = {
			isa = PBXGroup;
			children = (
				88DEB1ED3010004C00CA9B57 /* ChatViewModel.swift */,
			);
			path = ViewModel;
			sourceTree = "<group>";
		};
		88DEB1DC300FF97000CA9B57 /* Services */ = {
			isa = PBXGroup;
			children = (
				88DEB1DF300FFF4800CA9B57 /* AIService .swift */,
				88DEB1E1300FFF5B00CA9B57 /* OpenAIService.swift */,
			);
			path = Services;
			sourceTree = "<group>";
		};
		88DEB1DD300FF97C00CA9B57 /* Networking */ = {
			isa = PBXGroup;
			children = (
				88DEB1E3300FFF6C00CA9B57 /* APIClient.swift */,
				88DEB1E5300FFF7900CA9B57 /* EndPoint.swift */,
			);
			path = Networking;
			sourceTree = "<group>";
		};
		88DEB1DE300FF98700CA9B57 /* Utilities */ = {
			isa = PBXGroup;
			children = (
			);
			path = Utilities;
			sourceTree = "<group>";
		};
/* End PBXGroup section */

/* Begin PBXNativeTarget section */
		88DEB1AB300FF4B500CA9B57 /* AIInterviewAssistant */ = {
			isa = PBXNativeTarget;
			buildConfigurationList = 88DEB1D0300FF4B900CA9B57 /* Build configuration list for PBXNativeTarget "AIInterviewAssistant" */;
			buildPhases = (
				88DEB1A8300FF4B500CA9B57 /* Sources */,
				88DEB1A9300FF4B500CA9B57 /* Frameworks */,
				88DEB1AA300FF4B500CA9B57 /* Resources */,
			);
			buildRules = (
			);
			dependencies = (
			);
			name = AIInterviewAssistant;
			productName = AIInterviewAssistant;
			productReference = 88DEB1AC300FF4B500CA9B57 /* AIInterviewAssistant.app */;
			productType = "com.apple.product-type.application";
		};
		88DEB1BB300FF4B900CA9B57 /* AIInterviewAssistantTests */ = {
			isa = PBXNativeTarget;
			buildConfigurationList = 88DEB1D3300FF4B900CA9B57 /* Build configuration list for PBXNativeTarget "AIInterviewAssistantTests" */;
			buildPhases = (
				88DEB1B8300FF4B900CA9B57 /* Sources */,
				88DEB1B9300FF4B900CA9B57 /* Frameworks */,
				88DEB1BA300FF4B900CA9B57 /* Resources */,
			);
			buildRules = (
			);
			dependencies = (
				88DEB1BE300FF4B900CA9B57 /* PBXTargetDependency */,
			);
			name = AIInterviewAssistantTests;
			productName = AIInterviewAssistantTests;
			productReference = 88DEB1BC300FF4B900CA9B57 /* AIInterviewAssistantTests.xctest */;
			productType = "com.apple.product-type.bundle.unit-test";
		};
		88DEB1C5300FF4B900CA9B57 /* AIInterviewAssistantUITests */ = {
			isa = PBXNativeTarget;
			buildConfigurationList = 88DEB1D6300FF4B900CA9B57 /* Build configuration list for PBXNativeTarget "AIInterviewAssistantUITests" */;
			buildPhases = (
				88DEB1C2300FF4B900CA9B57 /* Sources */,
				88DEB1C3300FF4B900CA9B57 /* Frameworks */,
				88DEB1C4300FF4B900CA9B57 /* Resources */,
			);
			buildRules = (
			);
			dependencies = (
				88DEB1C8300FF4B900CA9B57 /* PBXTargetDependency */,
			);
			name = AIInterviewAssistantUITests;
			productName = AIInterviewAssistantUITests;
			productReference = 88DEB1C6300FF4B900CA9B57 /* AIInterviewAssistantUITests.xctest */;
			productType = "com.apple.product-type.bundle.ui-testing";
		};
/* End PBXNativeTarget section */

/* Begin PBXProject section */
		88DEB1A4300FF4B500CA9B57 /* Project object */ = {
			isa = PBXProject;
			attributes = {
				BuildIndependentTargetsInParallel = 1;
				LastSwiftUpdateCheck = 1400;
				LastUpgradeCheck = 1400;
				TargetAttributes = {
					88DEB1AB300FF4B500CA9B57 = {
						CreatedOnToolsVersion = 14.0;
					};
					88DEB1BB300FF4B900CA9B57 = {
						CreatedOnToolsVersion = 14.0;
						TestTargetID = 88DEB1AB300FF4B500CA9B57;
					};
					88DEB1C5300FF4B900CA9B57 = {
						CreatedOnToolsVersion = 14.0;
						TestTargetID = 88DEB1AB300FF4B500CA9B57;
					};
				};
			};
			buildConfigurationList = 88DEB1A7300FF4B500CA9B57 /* Build configuration list for PBXProject "AIInterviewAssistant" */;
			compatibilityVersion = "Xcode 14.0";
			developmentRegion = en;
			hasScannedForEncodings = 0;
			knownRegions = (
				en,
				Base,
			);
			mainGroup = 88DEB1A3300FF4B500CA9B57;
			productRefGroup = 88DEB1AD300FF4B500CA9B57 /* Products */;
			projectDirPath = "";
			projectRoot = "";
			targets = (
				88DEB1AB300FF4B500CA9B57 /* AIInterviewAssistant */,
				88DEB1BB300FF4B900CA9B57 /* AIInterviewAssistantTests */,
				88DEB1C5300FF4B900CA9B57 /* AIInterviewAssistantUITests */,
			);
		};
/* End PBXProject section */

/* Begin PBXResourcesBuildPhase section */
		88DEB1AA300FF4B500CA9B57 /* Resources */ = {
			isa = PBXResourcesBuildPhase;
			buildActionMask = 2147483647;
			files = (
				88DEB1B7300FF4B800CA9B57 /* Preview Assets.xcassets in Resources */,
				88DEB1B4300FF4B800CA9B57 /* Assets.xcassets in Resources */,
			);
			runOnlyForDeploymentPostprocessing = 0;
		};
		88DEB1BA300FF4B900CA9B57 /* Resources */ = {
			isa = PBXResourcesBuildPhase;
			buildActionMask = 2147483647;
			files = (
			);
			runOnlyForDeploymentPostprocessing = 0;
		};
		88DEB1C4300FF4B900CA9B57 /* Resources */ = {
			isa = PBXResourcesBuildPhase;
			buildActionMask = 2147483647;
			files = (
			);
			runOnlyForDeploymentPostprocessing = 0;
		};
/* End PBXResourcesBuildPhase section */

/* Begin PBXSourcesBuildPhase section */
		88DEB1A8300FF4B500CA9B57 /* Sources */ = {
			isa = PBXSourcesBuildPhase;
			buildActionMask = 2147483647;
			files = (
				88DEB1E6300FFF7900CA9B57 /* EndPoint.swift in Sources */,
				88DEB1E0300FFF4800CA9B57 /* AIService .swift in Sources */,
				88DEB1B2300FF4B500CA9B57 /* ContentView.swift in Sources */,
				88DEB1B0300FF4B500CA9B57 /* AIInterviewAssistantApp.swift in Sources */,
				88DEB1E83010001F00CA9B57 /* ChatView.swift in Sources */,
				88DEB1E4300FFF6D00CA9B57 /* APIClient.swift in Sources */,
				88DEB1F03010005F00CA9B57 /* ChatRequest.swift in Sources */,
				88DEB1E2300FFF5B00CA9B57 /* OpenAIService.swift in Sources */,
				88DEB1F23010006800CA9B57 /* ChatResponse.swift in Sources */,
				88DEB1F43010007300CA9B57 /* Message.swift in Sources */,
				88DEB1EC3010003B00CA9B57 /* InputBar.swift in Sources */,
				88DEB1EE3010004C00CA9B57 /* ChatViewModel.swift in Sources */,
				88DEB1EA3010002D00CA9B57 /* MessageBubble.swift in Sources */,
			);
			runOnlyForDeploymentPostprocessing = 0;
		};
		88DEB1B8300FF4B900CA9B57 /* Sources */ = {
			isa = PBXSourcesBuildPhase;
			buildActionMask = 2147483647;
			files = (
				88DEB1C1300FF4B900CA9B57 /* AIInterviewAssistantTests.swift in Sources */,
			);
			runOnlyForDeploymentPostprocessing = 0;
		};
		88DEB1C2300FF4B900CA9B57 /* Sources */ = {
			isa = PBXSourcesBuildPhase;
			buildActionMask = 2147483647;
			files = (
				88DEB1CB300FF4B900CA9B57 /* AIInterviewAssistantUITests.swift in Sources */,
				88DEB1CD300FF4B900CA9B57 /* AIInterviewAssistantUITestsLaunchTests.swift in Sources */,
			);
			runOnlyForDeploymentPostprocessing = 0;
		};
/* End PBXSourcesBuildPhase section */

/* Begin PBXTargetDependency section */
		88DEB1BE300FF4B900CA9B57 /* PBXTargetDependency */ = {
			isa = PBXTargetDependency;
			target = 88DEB1AB300FF4B500CA9B57 /* AIInterviewAssistant */;
			targetProxy = 88DEB1BD300FF4B900CA9B57 /* PBXContainerItemProxy */;
		};
		88DEB1C8300FF4B900CA9B57 /* PBXTargetDependency */ = {
			isa = PBXTargetDependency;
			target = 88DEB1AB300FF4B500CA9B57 /* AIInterviewAssistant */;
			targetProxy = 88DEB1C7300FF4B900CA9B57 /* PBXContainerItemProxy */;
		};
/* End PBXTargetDependency section */

/* Begin XCBuildConfiguration section */
		88DEB1CE300FF4B900CA9B57 /* Debug */ = {
			isa = XCBuildConfiguration;
			buildSettings = {
				ALWAYS_SEARCH_USER_PATHS = NO;
				CLANG_ANALYZER_NONNULL = YES;
				CLANG_ANALYZER_NUMBER_OBJECT_CONVERSION = YES_AGGRESSIVE;
				CLANG_CXX_LANGUAGE_STANDARD = "gnu++20";
				CLANG_ENABLE_MODULES = YES;
				CLANG_ENABLE_OBJC_ARC = YES;
				CLANG_ENABLE_OBJC_WEAK = YES;
				CLANG_WARN_BLOCK_CAPTURE_AUTORELEASING = YES;
				CLANG_WARN_BOOL_CONVERSION = YES;
				CLANG_WARN_COMMA = YES;
				CLANG_WARN_CONSTANT_CONVERSION = YES;
				CLANG_WARN_DEPRECATED_OBJC_IMPLEMENTATIONS = YES;
				CLANG_WARN_DIRECT_OBJC_ISA_USAGE = YES_ERROR;
				CLANG_WARN_DOCUMENTATION_COMMENTS = YES;
				CLANG_WARN_EMPTY_BODY = YES;
				CLANG_WARN_ENUM_CONVERSION = YES;
				CLANG_WARN_INFINITE_RECURSION = YES;
				CLANG_WARN_INT_CONVERSION = YES;
				CLANG_WARN_NON_LITERAL_NULL_CONVERSION = YES;
				CLANG_WARN_OBJC_IMPLICIT_RETAIN_SELF = YES;
				CLANG_WARN_OBJC_LITERAL_CONVERSION = YES;
				CLANG_WARN_OBJC_ROOT_CLASS = YES_ERROR;
				CLANG_WARN_QUOTED_INCLUDE_IN_FRAMEWORK_HEADER = YES;
				CLANG_WARN_RANGE_LOOP_ANALYSIS = YES;
				CLANG_WARN_STRICT_PROTOTYPES = YES;
				CLANG_WARN_SUSPICIOUS_MOVE = YES;
				CLANG_WARN_UNGUARDED_AVAILABILITY = YES_AGGRESSIVE;
				CLANG_WARN_UNREACHABLE_CODE = YES;
				CLANG_WARN__DUPLICATE_METHOD_MATCH = YES;
				COPY_PHASE_STRIP = NO;
				DEBUG_INFORMATION_FORMAT = dwarf;
				ENABLE_STRICT_OBJC_MSGSEND = YES;
				ENABLE_TESTABILITY = YES;
				GCC_C_LANGUAGE_STANDARD = gnu11;
				GCC_DYNAMIC_NO_PIC = NO;
				GCC_NO_COMMON_BLOCKS = YES;
				GCC_OPTIMIZATION_LEVEL = 0;
				GCC_PREPROCESSOR_DEFINITIONS = (
					"DEBUG=1",
					"$(inherited)",
				);
				GCC_WARN_64_TO_32_BIT_CONVERSION = YES;
				GCC_WARN_ABOUT_RETURN_TYPE = YES_ERROR;
				GCC_WARN_UNDECLARED_SELECTOR = YES;
				GCC_WARN_UNINITIALIZED_AUTOS = YES_AGGRESSIVE;
				GCC_WARN_UNUSED_FUNCTION = YES;
				GCC_WARN_UNUSED_VARIABLE = YES;
				IPHONEOS_DEPLOYMENT_TARGET = 16.0;
				MTL_ENABLE_DEBUG_INFO = INCLUDE_SOURCE;
				MTL_FAST_MATH = YES;
				ONLY_ACTIVE_ARCH = YES;
				SDKROOT = iphoneos;
				SWIFT_ACTIVE_COMPILATION_CONDITIONS = DEBUG;
				SWIFT_OPTIMIZATION_LEVEL = "-Onone";
			};
			name = Debug;
		};
		88DEB1CF300FF4B900CA9B57 /* Release */ = {
			isa = XCBuildConfiguration;
			buildSettings = {
				ALWAYS_SEARCH_USER_PATHS = NO;
				CLANG_ANALYZER_NONNULL = YES;
				CLANG_ANALYZER_NUMBER_OBJECT_CONVERSION = YES_AGGRESSIVE;
				CLANG_CXX_LANGUAGE_STANDARD = "gnu++20";
				CLANG_ENABLE_MODULES = YES;
				CLANG_ENABLE_OBJC_ARC = YES;
				CLANG_ENABLE_OBJC_WEAK = YES;
				CLANG_WARN_BLOCK_CAPTURE_AUTORELEASING = YES;
				CLANG_WARN_BOOL_CONVERSION = YES;
				CLANG_WARN_COMMA = YES;
				CLANG_WARN_CONSTANT_CONVERSION = YES;
				CLANG_WARN_DEPRECATED_OBJC_IMPLEMENTATIONS = YES;
				CLANG_WARN_DIRECT_OBJC_ISA_USAGE = YES_ERROR;
				CLANG_WARN_DOCUMENTATION_COMMENTS = YES;
				CLANG_WARN_EMPTY_BODY = YES;
				CLANG_WARN_ENUM_CONVERSION = YES;
				CLANG_WARN_INFINITE_RECURSION = YES;
				CLANG_WARN_INT_CONVERSION = YES;
				CLANG_WARN_NON_LITERAL_NULL_CONVERSION = YES;
				CLANG_WARN_OBJC_IMPLICIT_RETAIN_SELF = YES;
				CLANG_WARN_OBJC_LITERAL_CONVERSION = YES;
				CLANG_WARN_OBJC_ROOT_CLASS = YES_ERROR;
				CLANG_WARN_QUOTED_INCLUDE_IN_FRAMEWORK_HEADER = YES;
				CLANG_WARN_RANGE_LOOP_ANALYSIS = YES;
				CLANG_WARN_STRICT_PROTOTYPES = YES;
				CLANG_WARN_SUSPICIOUS_MOVE = YES;
				CLANG_WARN_UNGUARDED_AVAILABILITY = YES_AGGRESSIVE;
				CLANG_WARN_UNREACHABLE_CODE = YES;
				CLANG_WARN__DUPLICATE_METHOD_MATCH = YES;
				COPY_PHASE_STRIP = NO;
				DEBUG_INFORMATION_FORMAT = "dwarf-with-dsym";
				ENABLE_NS_ASSERTIONS = NO;
				ENABLE_STRICT_OBJC_MSGSEND = YES;
				GCC_C_LANGUAGE_STANDARD = gnu11;
				GCC_NO_COMMON_BLOCKS = YES;
				GCC_WARN_64_TO_32_BIT_CONVERSION = YES;
				GCC_WARN_ABOUT_RETURN_TYPE = YES_ERROR;
				GCC_WARN_UNDECLARED_SELECTOR = YES;
				GCC_WARN_UNINITIALIZED_AUTOS = YES_AGGRESSIVE;
				GCC_WARN_UNUSED_FUNCTION = YES;
				GCC_WARN_UNUSED_VARIABLE = YES;
				IPHONEOS_DEPLOYMENT_TARGET = 16.0;
				MTL_ENABLE_DEBUG_INFO = NO;
				MTL_FAST_MATH = YES;
				SDKROOT = iphoneos;
				SWIFT_COMPILATION_MODE = wholemodule;
				SWIFT_OPTIMIZATION_LEVEL = "-O";
				VALIDATE_PRODUCT = YES;
			};
			name = Release;
		};
		88DEB1D1300FF4B900CA9B57 /* Debug */ = {
			isa = XCBuildConfiguration;
			buildSettings = {
				ASSETCATALOG_COMPILER_APPICON_NAME = AppIcon;
				ASSETCATALOG_COMPILER_GLOBAL_ACCENT_COLOR_NAME = AccentColor;
				CODE_SIGN_STYLE = Automatic;
				CURRENT_PROJECT_VERSION = 1;
				DEVELOPMENT_ASSET_PATHS = "\"AIInterviewAssistant/Preview Content\"";
				ENABLE_PREVIEWS = YES;
				GENERATE_INFOPLIST_FILE = YES;
				INFOPLIST_KEY_UIApplicationSceneManifest_Generation = YES;
				INFOPLIST_KEY_UIApplicationSupportsIndirectInputEvents = YES;
				INFOPLIST_KEY_UILaunchScreen_Generation = YES;
				INFOPLIST_KEY_UISupportedInterfaceOrientations_iPad = "UIInterfaceOrientationPortrait UIInterfaceOrientationPortraitUpsideDown UIInterfaceOrientationLandscapeLeft UIInterfaceOrientationLandscapeRight";
				INFOPLIST_KEY_UISupportedInterfaceOrientations_iPhone = "UIInterfaceOrientationPortrait UIInterfaceOrientationLandscapeLeft UIInterfaceOrientationLandscapeRight";
				LD_RUNPATH_SEARCH_PATHS = (
					"$(inherited)",
					"@executable_path/Frameworks",
				);
				MARKETING_VERSION = 1.0;
				PRODUCT_BUNDLE_IDENTIFIER = com.BornDayReminder.AIInterviewAssistant;
				PRODUCT_NAME = "$(TARGET_NAME)";
				SWIFT_EMIT_LOC_STRINGS = YES;
				SWIFT_VERSION = 5.0;
				TARGETED_DEVICE_FAMILY = "1,2";
			};
			name = Debug;
		};
		88DEB1D2300FF4B900CA9B57 /* Release */ = {
			isa = XCBuildConfiguration;
			buildSettings = {
				ASSETCATALOG_COMPILER_APPICON_NAME = AppIcon;
				ASSETCATALOG_COMPILER_GLOBAL_ACCENT_COLOR_NAME = AccentColor;
				CODE_SIGN_STYLE = Automatic;
				CURRENT_PROJECT_VERSION = 1;
				DEVELOPMENT_ASSET_PATHS = "\"AIInterviewAssistant/Preview Content\"";
				ENABLE_PREVIEWS = YES;
				GENERATE_INFOPLIST_FILE = YES;
				INFOPLIST_KEY_UIApplicationSceneManifest_Generation = YES;
				INFOPLIST_KEY_UIApplicationSupportsIndirectInputEvents = YES;
				INFOPLIST_KEY_UILaunchScreen_Generation = YES;
				INFOPLIST_KEY_UISupportedInterfaceOrientations_iPad = "UIInterfaceOrientationPortrait UIInterfaceOrientationPortraitUpsideDown UIInterfaceOrientationLandscapeLeft UIInterfaceOrientationLandscapeRight";
				INFOPLIST_KEY_UISupportedInterfaceOrientations_iPhone = "UIInterfaceOrientationPortrait UIInterfaceOrientationLandscapeLeft UIInterfaceOrientationLandscapeRight";
				LD_RUNPATH_SEARCH_PATHS = (
					"$(inherited)",
					"@executable_path/Frameworks",
				);
				MARKETING_VERSION = 1.0;
				PRODUCT_BUNDLE_IDENTIFIER = com.BornDayReminder.AIInterviewAssistant;
				PRODUCT_NAME = "$(TARGET_NAME)";
				SWIFT_EMIT_LOC_STRINGS = YES;
				SWIFT_VERSION = 5.0;
				TARGETED_DEVICE_FAMILY = "1,2";
			};
			name = Release;
		};
		88DEB1D4300FF4B900CA9B57 /* Debug */ = {
			isa = XCBuildConfiguration;
			buildSettings = {
				ALWAYS_EMBED_SWIFT_STANDARD_LIBRARIES = YES;
				BUNDLE_LOADER = "$(TEST_HOST)";
				CODE_SIGN_STYLE = Automatic;
				CURRENT_PROJECT_VERSION = 1;
				GENERATE_INFOPLIST_FILE = YES;
				IPHONEOS_DEPLOYMENT_TARGET = 16.0;
				MARKETING_VERSION = 1.0;
				PRODUCT_BUNDLE_IDENTIFIER = com.BornDayReminder.AIInterviewAssistantTests;
				PRODUCT_NAME = "$(TARGET_NAME)";
				SWIFT_EMIT_LOC_STRINGS = NO;
				SWIFT_VERSION = 5.0;
				TARGETED_DEVICE_FAMILY = "1,2";
				TEST_HOST = "$(BUILT_PRODUCTS_DIR)/AIInterviewAssistant.app/$(BUNDLE_EXECUTABLE_FOLDER_PATH)/AIInterviewAssistant";
			};
			name = Debug;
		};
		88DEB1D5300FF4B900CA9B57 /* Release */ = {
			isa = XCBuildConfiguration;
			buildSettings = {
				ALWAYS_EMBED_SWIFT_STANDARD_LIBRARIES = YES;
				BUNDLE_LOADER = "$(TEST_HOST)";
				CODE_SIGN_STYLE = Automatic;
				CURRENT_PROJECT_VERSION = 1;
				GENERATE_INFOPLIST_FILE = YES;
				IPHONEOS_DEPLOYMENT_TARGET = 16.0;
				MARKETING_VERSION = 1.0;
				PRODUCT_BUNDLE_IDENTIFIER = com.BornDayReminder.AIInterviewAssistantTests;
				PRODUCT_NAME = "$(TARGET_NAME)";
				SWIFT_EMIT_LOC_STRINGS = NO;
				SWIFT_VERSION = 5.0;
				TARGETED_DEVICE_FAMILY = "1,2";
				TEST_HOST = "$(BUILT_PRODUCTS_DIR)/AIInterviewAssistant.app/$(BUNDLE_EXECUTABLE_FOLDER_PATH)/AIInterviewAssistant";
			};
			name = Release;
		};
		88DEB1D7300FF4B900CA9B57 /* Debug */ = {
			isa = XCBuildConfiguration;
			buildSettings = {
				ALWAYS_EMBED_SWIFT_STANDARD_LIBRARIES = YES;
				CODE_SIGN_STYLE = Automatic;
				CURRENT_PROJECT_VERSION = 1;
				GENERATE_INFOPLIST_FILE = YES;
				MARKETING_VERSION = 1.0;
				PRODUCT_BUNDLE_IDENTIFIER = com.BornDayReminder.AIInterviewAssistantUITests;
				PRODUCT_NAME = "$(TARGET_NAME)";
				SWIFT_EMIT_LOC_STRINGS = NO;
				SWIFT_VERSION = 5.0;
				TARGETED_DEVICE_FAMILY = "1,2";
				TEST_TARGET_NAME = AIInterviewAssistant;
			};
			name = Debug;
		};
		88DEB1D8300FF4B900CA9B57 /* Release */ = {
			isa = XCBuildConfiguration;
			buildSettings = {
				ALWAYS_EMBED_SWIFT_STANDARD_LIBRARIES = YES;
				CODE_SIGN_STYLE = Automatic;
				CURRENT_PROJECT_VERSION = 1;
				GENERATE_INFOPLIST_FILE = YES;
				MARKETING_VERSION = 1.0;
				PRODUCT_BUNDLE_IDENTIFIER = com.BornDayReminder.AIInterviewAssistantUITests;
				PRODUCT_NAME = "$(TARGET_NAME)";
				SWIFT_EMIT_LOC_STRINGS = NO;
				SWIFT_VERSION = 5.0;
				TARGETED_DEVICE_FAMILY = "1,2";
				TEST_TARGET_NAME = AIInterviewAssistant;
			};
			name = Release;
		};
/* End XCBuildConfiguration section */

/* Begin XCConfigurationList section */
		88DEB1A7300FF4B500CA9B57 /* Build configuration list for PBXProject "AIInterviewAssistant" */ = {
			isa = XCConfigurationList;
			buildConfigurations = (
				88DEB1CE300FF4B900CA9B57 /* Debug */,
				88DEB1CF300FF4B900CA9B57 /* Release */,
			);
			defaultConfigurationIsVisible = 0;
			defaultConfigurationName = Release;
		};
		88DEB1D0300FF4B900CA9B57 /* Build configuration list for PBXNativeTarget "AIInterviewAssistant" */ = {
			isa = XCConfigurationList;
			buildConfigurations = (
				88DEB1D1300FF4B900CA9B57 /* Debug */,
				88DEB1D2300FF4B900CA9B57 /* Release */,
			);
			defaultConfigurationIsVisible = 0;
			defaultConfigurationName = Release;
		};
		88DEB1D3300FF4B900CA9B57 /* Build configuration list for PBXNativeTarget "AIInterviewAssistantTests" */ = {
			isa = XCConfigurationList;
			buildConfigurations = (
				88DEB1D4300FF4B900CA9B57 /* Debug */,
				88DEB1D5300FF4B900CA9B57 /* Release */,
			);
			defaultConfigurationIsVisible = 0;
			defaultConfigurationName = Release;
		};
		88DEB1D6300FF4B900CA9B57 /* Build configuration list for PBXNativeTarget "AIInterviewAssistantUITests" */ = {
			isa = XCConfigurationList;
			buildConfigurations = (
				88DEB1D7300FF4B900CA9B57 /* Debug */,
				88DEB1D8300FF4B900CA9B57 /* Release */,
			);
			defaultConfigurationIsVisible = 0;
			defaultConfigurationName = Release;
		};
/* End XCConfigurationList section */
	};
	rootObject = 88DEB1A4300FF4B500CA9B57 /* Project object */;
}
